
Microsoft Visual Studio Solution File, Format Version 12.00
Project("{2150E333-8FDC-42A3-9474-1A3956D46DE8}") = "Server", "Server", "{36CEFBD8-3D18-4F7E-95FE-E9EB2B9C5E74}"
EndProject
Project("{2150E333-8FDC-42A3-9474-1A3956D46DE8}") = "Shared", "Shared", "{2FBEAD74-79F9-4447-BF09-C48EF0A7C85A}"
EndProject
Project("{2150E333-8FDC-42A3-9474-1A3956D46DE8}") = "Client", "Client", "{F1F108B6-9CCD-4D4D-B8F3-1E5DC34625BF}"
EndProject
Project("{FAE04EC0-301F-11D3-BF4B-00C04F79EFBC}") = "WebAPI", "Server\WebAPI\WebAPI.csproj", "{3FDDAD3D-EFA9-41E8-90B5-F3B34F91C344}"
EndProject
Project("{FAE04EC0-301F-11D3-BF4B-00C04F79EFBC}") = "RepositoryContracts", "Server\RepositoryContracts\RepositoryContracts.csproj", "{3F626658-079A-45C5-9436-DE80C5CBB76E}"
EndProject
Project("{FAE04EC0-301F-11D3-BF4B-00C04F79EFBC}") = "BlazorApp", "Client\BlazorApp\BlazorApp.csproj", "{91A2E801-917A-47CF-8B97-3AF7FADB6901}"
EndProject
Project("{FAE04EC0-301F-11D3-BF4B-00C04F79EFBC}") = "ApiContracts", "Shared\ApiContracts\ApiContracts.csproj", "{963C4830-B270-44C1-8C87-9C1908F6D8EE}"
EndProject
Project("{FAE04EC0-301F-11D3-BF4B-00C04F79EFBC}") = "Entities", "Server\Entities\Entities.csproj", "{1CD740AE-46B8-49A7-BEDC-E5BE4B5B4E77}"
EndProject
Project("{FAE04EC0-301F-11D3-BF4B-00C04F79EFBC}") = "CLI", "Server\CLI\CLI.csproj", "{7838B9E5-8B9E-498C-B015-A75D2D86C89D}"
EndProject
Project("{FAE04EC0-301F-11D3-BF4B-00C04F79EFBC}") = "FileRepositories", "Server\FileRepositories\FileRepositories.csproj", "{3235C60B-C365-4FA3-9F95-506E30835886}"
EndProject
Project("{FAE04EC0-301F-11D3-BF4B-00C04F79EFBC}") = "EfcRepositories", "Server\EfcRepositories\EfcRepositories.csproj", "{8DCD7039-0239-4412-A0AF-0622F475126C}"
EndProject
Project("{FAE04EC0-301F-11D3-BF4B-00C04F79EFBC}") = "InMemoryRepositories", "Server\InMemoryRepositories\InMemoryRepositories.csproj", "{ABEC074C-379B-4114-A964-43EBA492324A}"
EndProject
Global
	GlobalSection(SolutionConfigurationPlatforms) = preSolution
		Debug|Any CPU = Debug|Any CPU
		Release|Any CPU = Release|Any CPU
	EndGlobalSection
	GlobalSection(NestedProjects) = preSolution
		{3FDDAD3D-EFA9-41E8-90B5-F3B34F91C344} = {36CEFBD8-3D18-4F7E-95FE-E9EB2B9C5E74}
		{3F626658-079A-45C5-9436-DE80C5CBB76E} = {36CEFBD8-3D18-4F7E-95FE-E9EB2B9C5E74}
		{91A2E801-917A-47CF-8B97-3AF7FADB6901} = {F1F108B6-9CCD-4D4D-B8F3-1E5DC34625BF}
		{963C4830-B270-44C1-8C87-9C1908F6D8EE} = {2FBEAD74-79F9-4447-BF09-C48EF0A7C85A}
		{1CD740AE-46B8-49A7-BEDC-E5BE4B5B4E77} = {36CEFBD8-3D18-4F7E-95FE-E9EB2B9C5E74}
		{7838B9E5-8B9E-498C-B015-A75D2D86C89D} = {36CEFBD8-3D18-4F7E-95FE-E9EB2B9C5E74}
		{3235C60B-C365-4FA3-9F95-506E30835886} = {36CEFBD8-3D18-4F7E-95FE-E9EB2B9C5E74}
		{8DCD7039-0239-4412-A0AF-0622F475126C} = {36CEFBD8-3D18-4F7E-95FE-E9EB2B9C5E74}
		{ABEC074C-379B-4114-A964-43EBA492324A} = {36CEFBD8-3D18-4F7E-95FE-E9EB2B9C5E74}
	EndGlobalSection
	GlobalSection(ProjectConfigurationPlatforms) = postSolution
		{3FDDAD3D-EFA9-41E8-90B5-F3B34F91C344}.Debug|Any CPU.ActiveCfg = Debug|Any CPU
		{3FDDAD3D-EFA9-41E8-90B5-F3B34F91C344}.Debug|Any CPU.Build.0 = Debug|Any CPU
		{3FDDAD3D-EFA9-41E8-90B5-F3B34F91C344}.Release|Any CPU.ActiveCfg = Release|Any CPU
		{3FDDAD3D-EFA9-41E8-90B5-F3B34F91C344}.Release|Any CPU.Build.0 = Release|Any CPU
		{3F626658-079A-45C5-9436-DE80C5CBB76E}.Debug|Any CPU.ActiveCfg = Debug|Any CPU
		{3F626658-079A-45C5-9436-DE80C5CBB76E}.Debug|Any CPU.Build.0 = Debug|Any CPU
		{3F626658-079A-45C5-9436-DE80C5CBB76E}.Release|Any CPU.ActiveCfg = Release|Any CPU
		{3F626658-079A-45C5-9436-DE80C5CBB76E}.Release|Any CPU.Build.0 = Release|Any CPU
		{91A2E801-917A-47CF-8B97-3AF7FADB6901}.Debug|Any CPU.ActiveCfg = Debug|Any CPU
		{91A2E801-917A-47CF-8B97-3AF7FADB6901}.Debug|Any CPU.Build.0 = Debug|Any CPU
		{91A2E801-917A-47CF-8B97-3AF7FADB6901}.Release|Any CPU.ActiveCfg = Release|Any CPU
		{91A2E801-917A-47CF-8B97-3AF7FADB6901}.Release|Any CPU.Build.0 = Release|Any CPU
		{963C4830-B270-44C1-8C87-9C1908F6D8EE}.Debug|Any CPU.ActiveCfg = Debug|Any CPU
		{963C4830-B270-44C1-8C87-9C1908F6D8EE}.Debug|Any CPU.Build.0 = Debug|Any CPU
		{963C4830-B270-44C1-8C87-9C1908F6D8EE}.Release|Any CPU.ActiveCfg = Release|Any CPU
		{963C4830-B270-44C1-8C87-9C1908F6D8EE}.Release|Any CPU.Build.0 = Release|Any CPU
		{1CD740AE-46B8-49A7-BEDC-E5BE4B5B4E77}.Debug|Any CPU.ActiveCfg = Debug|Any CPU
		{1CD740AE-46B8-49A7-BEDC-E5BE4B5B4E77}.Debug|Any CPU.Build.0 = Debug|Any CPU
		{1CD740AE-46B8-49A7-BEDC-E5BE4B5B4E77}.Release|Any CPU.ActiveCfg = Release|Any CPU
		{1CD740AE-46B8-49A7-BEDC-E5BE4B5B4E77}.Release|Any CPU.Build.0 = Release|Any CPU
		{7838B9E5-8B9E-498C-B015-A75D2D86C89D}.Debug|Any CPU.ActiveCfg = Debug|Any CPU
		{7838B9E5-8B9E-498C-B015-A75D2D86C89D}.Debug|Any CPU.Build.0 = Debug|Any CPU
		{7838B9E5-8B9E-498C-B015-A75D2D86C89D}.Release|Any CPU.ActiveCfg = Release|Any CPU
		{7838B9E5-8B9E-498C-B015-A75D2D86C89D}.Release|Any CPU.Build.0 = Release|Any CPU
		{3235C60B-C365-4FA3-9F95-506E30835886}.Debug|Any CPU.ActiveCfg = Debug|Any CPU
		{3235C60B-C365-4FA3-9F95-506E30835886}.Debug|Any CPU.Build.0 = Debug|Any CPU
		{3235C60B-C365-4FA3-9F95-506E30835886}.Release|Any CPU.ActiveCfg = Release|Any CPU
		{3235C60B-C365-4FA3-9F95-506E30835886}.Release|Any CPU.Build.0 = Release|Any CPU
		{8DCD7039-0239-4412-A0AF-0622F475126C}.Debug|Any CPU.ActiveCfg = Debug|Any CPU
		{8DCD7039-0239-4412-A0AF-0622F475126C}.Debug|Any CPU.Build.0 = Debug|Any CPU
		{8DCD7039-0239-4412-A0AF-0622F475126C}.Release|Any CPU.ActiveCfg = Release|Any CPU
		{8DCD7039-0239-4412-A0AF-0622F475126C}.Release|Any CPU.Build.0 = Release|Any CPU
		{ABEC074C-379B-4114-A964-43EBA492324A}.Debug|Any CPU.ActiveCfg = Debug|Any CPU
		{ABEC074C-379B-4114-A964-43EBA492324A}.Debug|Any CPU.Build.0 = Debug|Any CPU
		{ABEC074C-379B-4114-A964-43EBA492324A}.Release|Any CPU.ActiveCfg = Release|Any CPU
		{ABEC074C-379B-4114-A964-43EBA492324A}.Release|Any CPU.Build.0 = Release|Any CPU
	EndGlobalSection
EndGlobal
