
Microsoft Visual Studio Solution File, Format Version 12.00
Project("{2150E333-8FDC-42A3-9474-1A3956D46DE8}") = "Server", "Server", "{36CEFBD8-3D18-4F7E-95FE-E9EB2B9C5E74}"
EndProject
Project("{FAE04EC0-301F-11D3-BF4B-00C04F79EFBC}") = "Entities", "Entities\Entities.csproj", "{06A37C12-7DD7-40D8-86AC-42C26B7316A1}"
EndProject
Project("{FAE04EC0-301F-11D3-BF4B-00C04F79EFBC}") = "RepositoryContracts", "RepositoryContracts\RepositoryContracts.csproj", "{2E346818-C137-4197-AA72-BBE279B7CD0C}"
EndProject
Project("{FAE04EC0-301F-11D3-BF4B-00C04F79EFBC}") = "InMemoryRepositories", "InMemoryRepositories\InMemoryRepositories.csproj", "{CB04AB03-3346-4B85-AECA-F60E51C258D4}"
EndProject
Project("{FAE04EC0-301F-11D3-BF4B-00C04F79EFBC}") = "CLI", "CLI\CLI.csproj", "{7DB69ACF-FE36-4481-A36F-BA854DE7613E}"
EndProject
Project("{FAE04EC0-301F-11D3-BF4B-00C04F79EFBC}") = "FileRepositories", "FileRepositories\FileRepositories.csproj", "{836E91E2-F350-4866-8B99-86DAEE3CB985}"
EndProject
Project("{2150E333-8FDC-42A3-9474-1A3956D46DE8}") = "Shared", "Shared", "{2FBEAD74-79F9-4447-BF09-C48EF0A7C85A}"
EndProject
Project("{FAE04EC0-301F-11D3-BF4B-00C04F79EFBC}") = "ApiContracts", "ApiContracts\ApiContracts.csproj", "{B87C85DD-C64D-4ED1-870B-DD25F53365C1}"
EndProject
Project("{FAE04EC0-301F-11D3-BF4B-00C04F79EFBC}") = "WebAPI", "WebAPI\WebAPI.csproj", "{CD7B33A5-AB9E-4039-8179-B72044F6BE62}"
EndProject
Project("{2150E333-8FDC-42A3-9474-1A3956D46DE8}") = "Client", "Client", "{F1F108B6-9CCD-4D4D-B8F3-1E5DC34625BF}"
EndProject
Project("{FAE04EC0-301F-11D3-BF4B-00C04F79EFBC}") = "BlazorApp", "BlazorApp\BlazorApp.csproj", "{AD244197-7D0A-4064-8593-E2C0F1EDE726}"
EndProject
Global
	GlobalSection(SolutionConfigurationPlatforms) = preSolution
		Debug|Any CPU = Debug|Any CPU
		Release|Any CPU = Release|Any CPU
	EndGlobalSection
	GlobalSection(NestedProjects) = preSolution
		{06A37C12-7DD7-40D8-86AC-42C26B7316A1} = {36CEFBD8-3D18-4F7E-95FE-E9EB2B9C5E74}
		{2E346818-C137-4197-AA72-BBE279B7CD0C} = {36CEFBD8-3D18-4F7E-95FE-E9EB2B9C5E74}
		{CB04AB03-3346-4B85-AECA-F60E51C258D4} = {36CEFBD8-3D18-4F7E-95FE-E9EB2B9C5E74}
		{7DB69ACF-FE36-4481-A36F-BA854DE7613E} = {36CEFBD8-3D18-4F7E-95FE-E9EB2B9C5E74}
		{836E91E2-F350-4866-8B99-86DAEE3CB985} = {36CEFBD8-3D18-4F7E-95FE-E9EB2B9C5E74}
		{B87C85DD-C64D-4ED1-870B-DD25F53365C1} = {2FBEAD74-79F9-4447-BF09-C48EF0A7C85A}
		{CD7B33A5-AB9E-4039-8179-B72044F6BE62} = {36CEFBD8-3D18-4F7E-95FE-E9EB2B9C5E74}
		{AD244197-7D0A-4064-8593-E2C0F1EDE726} = {F1F108B6-9CCD-4D4D-B8F3-1E5DC34625BF}
	EndGlobalSection
	GlobalSection(ProjectConfigurationPlatforms) = postSolution
		{06A37C12-7DD7-40D8-86AC-42C26B7316A1}.Debug|Any CPU.ActiveCfg = Debug|Any CPU
		{06A37C12-7DD7-40D8-86AC-42C26B7316A1}.Debug|Any CPU.Build.0 = Debug|Any CPU
		{06A37C12-7DD7-40D8-86AC-42C26B7316A1}.Release|Any CPU.ActiveCfg = Release|Any CPU
		{06A37C12-7DD7-40D8-86AC-42C26B7316A1}.Release|Any CPU.Build.0 = Release|Any CPU
		{2E346818-C137-4197-AA72-BBE279B7CD0C}.Debug|Any CPU.ActiveCfg = Debug|Any CPU
		{2E346818-C137-4197-AA72-BBE279B7CD0C}.Debug|Any CPU.Build.0 = Debug|Any CPU
		{2E346818-C137-4197-AA72-BBE279B7CD0C}.Release|Any CPU.ActiveCfg = Release|Any CPU
		{2E346818-C137-4197-AA72-BBE279B7CD0C}.Release|Any CPU.Build.0 = Release|Any CPU
		{CB04AB03-3346-4B85-AECA-F60E51C258D4}.Debug|Any CPU.ActiveCfg = Debug|Any CPU
		{CB04AB03-3346-4B85-AECA-F60E51C258D4}.Debug|Any CPU.Build.0 = Debug|Any CPU
		{CB04AB03-3346-4B85-AECA-F60E51C258D4}.Release|Any CPU.ActiveCfg = Release|Any CPU
		{CB04AB03-3346-4B85-AECA-F60E51C258D4}.Release|Any CPU.Build.0 = Release|Any CPU
		{7DB69ACF-FE36-4481-A36F-BA854DE7613E}.Debug|Any CPU.ActiveCfg = Debug|Any CPU
		{7DB69ACF-FE36-4481-A36F-BA854DE7613E}.Debug|Any CPU.Build.0 = Debug|Any CPU
		{7DB69ACF-FE36-4481-A36F-BA854DE7613E}.Release|Any CPU.ActiveCfg = Release|Any CPU
		{7DB69ACF-FE36-4481-A36F-BA854DE7613E}.Release|Any CPU.Build.0 = Release|Any CPU
		{836E91E2-F350-4866-8B99-86DAEE3CB985}.Debug|Any CPU.ActiveCfg = Debug|Any CPU
		{836E91E2-F350-4866-8B99-86DAEE3CB985}.Debug|Any CPU.Build.0 = Debug|Any CPU
		{836E91E2-F350-4866-8B99-86DAEE3CB985}.Release|Any CPU.ActiveCfg = Release|Any CPU
		{836E91E2-F350-4866-8B99-86DAEE3CB985}.Release|Any CPU.Build.0 = Release|Any CPU
		{B87C85DD-C64D-4ED1-870B-DD25F53365C1}.Debug|Any CPU.ActiveCfg = Debug|Any CPU
		{B87C85DD-C64D-4ED1-870B-DD25F53365C1}.Debug|Any CPU.Build.0 = Debug|Any CPU
		{B87C85DD-C64D-4ED1-870B-DD25F53365C1}.Release|Any CPU.ActiveCfg = Release|Any CPU
		{B87C85DD-C64D-4ED1-870B-DD25F53365C1}.Release|Any CPU.Build.0 = Release|Any CPU
		{CD7B33A5-AB9E-4039-8179-B72044F6BE62}.Debug|Any CPU.ActiveCfg = Debug|Any CPU
		{CD7B33A5-AB9E-4039-8179-B72044F6BE62}.Debug|Any CPU.Build.0 = Debug|Any CPU
		{CD7B33A5-AB9E-4039-8179-B72044F6BE62}.Release|Any CPU.ActiveCfg = Release|Any CPU
		{CD7B33A5-AB9E-4039-8179-B72044F6BE62}.Release|Any CPU.Build.0 = Release|Any CPU
		{AD244197-7D0A-4064-8593-E2C0F1EDE726}.Debug|Any CPU.ActiveCfg = Debug|Any CPU
		{AD244197-7D0A-4064-8593-E2C0F1EDE726}.Debug|Any CPU.Build.0 = Debug|Any CPU
		{AD244197-7D0A-4064-8593-E2C0F1EDE726}.Release|Any CPU.ActiveCfg = Release|Any CPU
		{AD244197-7D0A-4064-8593-E2C0F1EDE726}.Release|Any CPU.Build.0 = Release|Any CPU
	EndGlobalSection
EndGlobal
